
Microsoft Visual Studio Solution File, Format Version 12.00
# Visual Studio Version 17
VisualStudioVersion = 17.5.33516.290
MinimumVisualStudioVersion = 10.0.40219.1
Project("{FAE04EC0-301F-11D3-BF4B-00C04F79EFBC}") = "Arretadinhos", "Arretadinhos\Arretadinhos.csproj", "{B29C90F2-2C00-4F37-BEED-39CF9E65F156}"
EndProject
Global
	GlobalSection(SolutionConfigurationPlatforms) = preSolution
		Debug|Any CPU = Debug|Any CPU
		Release|Any CPU = Release|Any CPU
	EndGlobalSection
	GlobalSection(ProjectConfigurationPlatforms) = postSolution
		{B29C90F2-2C00-4F37-BEED-39CF9E65F156}.Debug|Any CPU.ActiveCfg = Debug|Any CPU
		{B29C90F2-2C00-4F37-BEED-39CF9E65F156}.Debug|Any CPU.Build.0 = Debug|Any CPU
		{B29C90F2-2C00-4F37-BEED-39CF9E65F156}.Release|Any CPU.ActiveCfg = Release|Any CPU
		{B29C90F2-2C00-4F37-BEED-39CF9E65F156}.Release|Any CPU.Build.0 = Release|Any CPU
	EndGlobalSection
	GlobalSection(SolutionProperties) = preSolution
		HideSolutionNode = FALSE
	EndGlobalSection
	GlobalSection(ExtensibilityGlobals) = postSolution
		SolutionGuid = {F401BE16-3264-4488-B0D8-54655E09DA62}
	EndGlobalSection
EndGlobal
